// !$*UTF8*$!
{
	archiveVersion = 1;
	classes = {
	};
	objectVersion = 52;
	objects = {

/* Begin PBXBuildFile section */
		200AD6826BE1A2FAFBB3AFE1 /* Pods_ASBInterviewExerciseTests.framework in Frameworks */ = {isa = PBXBuildFile; fileRef = CB709CA39E7DA8DB25426F13 /* Pods_ASBInterviewExerciseTests.framework */; };
		56C01C05DF08A46EF3203CE6 /* Pods_ASBInterviewExercise.framework in Frameworks */ = {isa = PBXBuildFile; fileRef = 08D5DEE6117F26728ABB0F82 /* Pods_ASBInterviewExercise.framework */; };
		8C120128D8ABA267847D8F27 /* Pods_ASBInterviewExercise_ASBInterviewExerciseUITests.framework in Frameworks */ = {isa = PBXBuildFile; fileRef = 882BE6375CD13975065AC2D0 /* Pods_ASBInterviewExercise_ASBInterviewExerciseUITests.framework */; };
		9BF30EC72A01D9F100DBB56B /* AppConstants.swift in Sources */ = {isa = PBXBuildFile; fileRef = 9BF30EC62A01D9F100DBB56B /* AppConstants.swift */; };
		9BF30ECE2A01DD0B00DBB56B /* TransanctionModel.swift in Sources */ = {isa = PBXBuildFile; fileRef = 9BF30ECD2A01DD0B00DBB56B /* TransanctionModel.swift */; };
		9BF30ED02A01DD7200DBB56B /* TransanctionViewModel.swift in Sources */ = {isa = PBXBuildFile; fileRef = 9BF30ECF2A01DD7200DBB56B /* TransanctionViewModel.swift */; };
		9BF30ED22A021A9000DBB56B /* TransanctionTableCell.swift in Sources */ = {isa = PBXBuildFile; fileRef = 9BF30ED12A021A9000DBB56B /* TransanctionTableCell.swift */; };
		9BF30ED42A021AC000DBB56B /* TransanctionDetailVC.swift in Sources */ = {isa = PBXBuildFile; fileRef = 9BF30ED32A021AC000DBB56B /* TransanctionDetailVC.swift */; };
		9BF30EDC2A033A5E00DBB56B /* UIViewController.swift in Sources */ = {isa = PBXBuildFile; fileRef = 9BF30EDB2A033A5E00DBB56B /* UIViewController.swift */; };
		9BF30EDF2A033B5E00DBB56B /* CommonFunctions.swift in Sources */ = {isa = PBXBuildFile; fileRef = 9BF30EDE2A033B5E00DBB56B /* CommonFunctions.swift */; };
		9BF30EE32A038E1700DBB56B /* LoaderView.xib in Resources */ = {isa = PBXBuildFile; fileRef = 9BF30EE12A038E1700DBB56B /* LoaderView.xib */; };
		9BF30EE42A038E1700DBB56B /* LoaderView.swift in Sources */ = {isa = PBXBuildFile; fileRef = 9BF30EE22A038E1700DBB56B /* LoaderView.swift */; };
		9BF30EE62A04B2D400DBB56B /* AppColor.swift in Sources */ = {isa = PBXBuildFile; fileRef = 9BF30EE52A04B2D400DBB56B /* AppColor.swift */; };
		9BF30EE82A04CDC200DBB56B /* UITableView.swift in Sources */ = {isa = PBXBuildFile; fileRef = 9BF30EE72A04CDC200DBB56B /* UITableView.swift */; };
		DCF7BB0426B23DFF00AE0E0E /* AppDelegate.swift in Sources */ = {isa = PBXBuildFile; fileRef = DCF7BB0326B23DFF00AE0E0E /* AppDelegate.swift */; };
		DCF7BB0626B23DFF00AE0E0E /* SceneDelegate.swift in Sources */ = {isa = PBXBuildFile; fileRef = DCF7BB0526B23DFF00AE0E0E /* SceneDelegate.swift */; };
		DCF7BB0826B23DFF00AE0E0E /* ViewController.swift in Sources */ = {isa = PBXBuildFile; fileRef = DCF7BB0726B23DFF00AE0E0E /* ViewController.swift */; };
		DCF7BB0B26B23DFF00AE0E0E /* Main.storyboard in Resources */ = {isa = PBXBuildFile; fileRef = DCF7BB0926B23DFF00AE0E0E /* Main.storyboard */; };
		DCF7BB0D26B23E0200AE0E0E /* Assets.xcassets in Resources */ = {isa = PBXBuildFile; fileRef = DCF7BB0C26B23E0200AE0E0E /* Assets.xcassets */; };
		DCF7BB1026B23E0200AE0E0E /* LaunchScreen.storyboard in Resources */ = {isa = PBXBuildFile; fileRef = DCF7BB0E26B23E0200AE0E0E /* LaunchScreen.storyboard */; };
		DCF7BB1B26B23E0200AE0E0E /* ASBInterviewExerciseTests.swift in Sources */ = {isa = PBXBuildFile; fileRef = DCF7BB1A26B23E0200AE0E0E /* ASBInterviewExerciseTests.swift */; };
		DCF7BB2626B23E0200AE0E0E /* ASBInterviewExerciseUITests.swift in Sources */ = {isa = PBXBuildFile; fileRef = DCF7BB2526B23E0200AE0E0E /* ASBInterviewExerciseUITests.swift */; };
		DCF7BB3526B23E3600AE0E0E /* Swinject in Frameworks */ = {isa = PBXBuildFile; productRef = DCF7BB3426B23E3600AE0E0E /* Swinject */; };
		DCF7BB3726B23EB800AE0E0E /* RestClient.swift in Sources */ = {isa = PBXBuildFile; fileRef = DCF7BB3626B23EB800AE0E0E /* RestClient.swift */; };
		DCF7BB3926B23ED000AE0E0E /* DIManager.swift in Sources */ = {isa = PBXBuildFile; fileRef = DCF7BB3826B23ED000AE0E0E /* DIManager.swift */; };
/* End PBXBuildFile section */

/* Begin PBXContainerItemProxy section */
		DCF7BB1726B23E0200AE0E0E /* PBXContainerItemProxy */ = {
			isa = PBXContainerItemProxy;
			containerPortal = DCF7BAF826B23DFE00AE0E0E /* Project object */;
			proxyType = 1;
			remoteGlobalIDString = DCF7BAFF26B23DFE00AE0E0E;
			remoteInfo = ASBInterviewExercise;
		};
		DCF7BB2226B23E0200AE0E0E /* PBXContainerItemProxy */ = {
			isa = PBXContainerItemProxy;
			containerPortal = DCF7BAF826B23DFE00AE0E0E /* Project object */;
			proxyType = 1;
			remoteGlobalIDString = DCF7BAFF26B23DFE00AE0E0E;
			remoteInfo = ASBInterviewExercise;
		};
/* End PBXContainerItemProxy section */

/* Begin PBXFileReference section */
		02B9FBF7DB5A54FF71FEB25E /* Pods-ASBInterviewExerciseTests.release.xcconfig */ = {isa = PBXFileReference; includeInIndex = 1; lastKnownFileType = text.xcconfig; name = "Pods-ASBInterviewExerciseTests.release.xcconfig"; path = "Target Support Files/Pods-ASBInterviewExerciseTests/Pods-ASBInterviewExerciseTests.release.xcconfig"; sourceTree = "<group>"; };
		08D5DEE6117F26728ABB0F82 /* Pods_ASBInterviewExercise.framework */ = {isa = PBXFileReference; explicitFileType = wrapper.framework; includeInIndex = 0; path = Pods_ASBInterviewExercise.framework; sourceTree = BUILT_PRODUCTS_DIR; };
		1ACA6B1E6F1BEDDF3B7DBB56 /* Pods-ASBInterviewExercise-ASBInterviewExerciseUITests.release.xcconfig */ = {isa = PBXFileReference; includeInIndex = 1; lastKnownFileType = text.xcconfig; name = "Pods-ASBInterviewExercise-ASBInterviewExerciseUITests.release.xcconfig"; path = "Target Support Files/Pods-ASBInterviewExercise-ASBInterviewExerciseUITests/Pods-ASBInterviewExercise-ASBInterviewExerciseUITests.release.xcconfig"; sourceTree = "<group>"; };
		4DFF488AC69F69E9D0D9B4D1 /* Pods-ASBInterviewExerciseTests.debug.xcconfig */ = {isa = PBXFileReference; includeInIndex = 1; lastKnownFileType = text.xcconfig; name = "Pods-ASBInterviewExerciseTests.debug.xcconfig"; path = "Target Support Files/Pods-ASBInterviewExerciseTests/Pods-ASBInterviewExerciseTests.debug.xcconfig"; sourceTree = "<group>"; };
		882BE6375CD13975065AC2D0 /* Pods_ASBInterviewExercise_ASBInterviewExerciseUITests.framework */ = {isa = PBXFileReference; explicitFileType = wrapper.framework; includeInIndex = 0; path = Pods_ASBInterviewExercise_ASBInterviewExerciseUITests.framework; sourceTree = BUILT_PRODUCTS_DIR; };
		9BF30EC62A01D9F100DBB56B /* AppConstants.swift */ = {isa = PBXFileReference; lastKnownFileType = sourcecode.swift; path = AppConstants.swift; sourceTree = "<group>"; };
		9BF30ECD2A01DD0B00DBB56B /* TransanctionModel.swift */ = {isa = PBXFileReference; lastKnownFileType = sourcecode.swift; path = TransanctionModel.swift; sourceTree = "<group>"; };
		9BF30ECF2A01DD7200DBB56B /* TransanctionViewModel.swift */ = {isa = PBXFileReference; lastKnownFileType = sourcecode.swift; path = TransanctionViewModel.swift; sourceTree = "<group>"; };
		9BF30ED12A021A9000DBB56B /* TransanctionTableCell.swift */ = {isa = PBXFileReference; lastKnownFileType = sourcecode.swift; path = TransanctionTableCell.swift; sourceTree = "<group>"; };
		9BF30ED32A021AC000DBB56B /* TransanctionDetailVC.swift */ = {isa = PBXFileReference; lastKnownFileType = sourcecode.swift; path = TransanctionDetailVC.swift; sourceTree = "<group>"; };
		9BF30EDB2A033A5E00DBB56B /* UIViewController.swift */ = {isa = PBXFileReference; lastKnownFileType = sourcecode.swift; path = UIViewController.swift; sourceTree = "<group>"; };
		9BF30EDE2A033B5E00DBB56B /* CommonFunctions.swift */ = {isa = PBXFileReference; lastKnownFileType = sourcecode.swift; path = CommonFunctions.swift; sourceTree = "<group>"; };
		9BF30EE12A038E1700DBB56B /* LoaderView.xib */ = {isa = PBXFileReference; fileEncoding = 4; lastKnownFileType = file.xib; path = LoaderView.xib; sourceTree = "<group>"; };
		9BF30EE22A038E1700DBB56B /* LoaderView.swift */ = {isa = PBXFileReference; fileEncoding = 4; lastKnownFileType = sourcecode.swift; path = LoaderView.swift; sourceTree = "<group>"; };
		9BF30EE52A04B2D400DBB56B /* AppColor.swift */ = {isa = PBXFileReference; lastKnownFileType = sourcecode.swift; path = AppColor.swift; sourceTree = "<group>"; };
		9BF30EE72A04CDC200DBB56B /* UITableView.swift */ = {isa = PBXFileReference; lastKnownFileType = sourcecode.swift; path = UITableView.swift; sourceTree = "<group>"; };
		9F4412E0C279BB5987511EF2 /* Pods-ASBInterviewExercise.release.xcconfig */ = {isa = PBXFileReference; includeInIndex = 1; lastKnownFileType = text.xcconfig; name = "Pods-ASBInterviewExercise.release.xcconfig"; path = "Target Support Files/Pods-ASBInterviewExercise/Pods-ASBInterviewExercise.release.xcconfig"; sourceTree = "<group>"; };
		B0DB09EA69F102671DDC5D0B /* Pods-ASBInterviewExercise-ASBInterviewExerciseUITests.debug.xcconfig */ = {isa = PBXFileReference; includeInIndex = 1; lastKnownFileType = text.xcconfig; name = "Pods-ASBInterviewExercise-ASBInterviewExerciseUITests.debug.xcconfig"; path = "Target Support Files/Pods-ASBInterviewExercise-ASBInterviewExerciseUITests/Pods-ASBInterviewExercise-ASBInterviewExerciseUITests.debug.xcconfig"; sourceTree = "<group>"; };
		CB709CA39E7DA8DB25426F13 /* Pods_ASBInterviewExerciseTests.framework */ = {isa = PBXFileReference; explicitFileType = wrapper.framework; includeInIndex = 0; path = Pods_ASBInterviewExerciseTests.framework; sourceTree = BUILT_PRODUCTS_DIR; };
		CF45ACDABC19FD8A7814A530 /* Pods-ASBInterviewExercise.debug.xcconfig */ = {isa = PBXFileReference; includeInIndex = 1; lastKnownFileType = text.xcconfig; name = "Pods-ASBInterviewExercise.debug.xcconfig"; path = "Target Support Files/Pods-ASBInterviewExercise/Pods-ASBInterviewExercise.debug.xcconfig"; sourceTree = "<group>"; };
		DCF7BB0026B23DFE00AE0E0E /* ASBInterviewExercise.app */ = {isa = PBXFileReference; explicitFileType = wrapper.application; includeInIndex = 0; path = ASBInterviewExercise.app; sourceTree = BUILT_PRODUCTS_DIR; };
		DCF7BB0326B23DFF00AE0E0E /* AppDelegate.swift */ = {isa = PBXFileReference; lastKnownFileType = sourcecode.swift; path = AppDelegate.swift; sourceTree = "<group>"; };
		DCF7BB0526B23DFF00AE0E0E /* SceneDelegate.swift */ = {isa = PBXFileReference; lastKnownFileType = sourcecode.swift; path = SceneDelegate.swift; sourceTree = "<group>"; };
		DCF7BB0726B23DFF00AE0E0E /* ViewController.swift */ = {isa = PBXFileReference; lastKnownFileType = sourcecode.swift; path = ViewController.swift; sourceTree = "<group>"; };
		DCF7BB0A26B23DFF00AE0E0E /* Base */ = {isa = PBXFileReference; lastKnownFileType = file.storyboard; name = Base; path = Base.lproj/Main.storyboard; sourceTree = "<group>"; };
		DCF7BB0C26B23E0200AE0E0E /* Assets.xcassets */ = {isa = PBXFileReference; lastKnownFileType = folder.assetcatalog; path = Assets.xcassets; sourceTree = "<group>"; };
		DCF7BB0F26B23E0200AE0E0E /* Base */ = {isa = PBXFileReference; lastKnownFileType = file.storyboard; name = Base; path = Base.lproj/LaunchScreen.storyboard; sourceTree = "<group>"; };
		DCF7BB1126B23E0200AE0E0E /* Info.plist */ = {isa = PBXFileReference; lastKnownFileType = text.plist.xml; path = Info.plist; sourceTree = "<group>"; };
		DCF7BB1626B23E0200AE0E0E /* ASBInterviewExerciseTests.xctest */ = {isa = PBXFileReference; explicitFileType = wrapper.cfbundle; includeInIndex = 0; path = ASBInterviewExerciseTests.xctest; sourceTree = BUILT_PRODUCTS_DIR; };
		DCF7BB1A26B23E0200AE0E0E /* ASBInterviewExerciseTests.swift */ = {isa = PBXFileReference; lastKnownFileType = sourcecode.swift; path = ASBInterviewExerciseTests.swift; sourceTree = "<group>"; };
		DCF7BB1C26B23E0200AE0E0E /* Info.plist */ = {isa = PBXFileReference; lastKnownFileType = text.plist.xml; path = Info.plist; sourceTree = "<group>"; };
		DCF7BB2126B23E0200AE0E0E /* ASBInterviewExerciseUITests.xctest */ = {isa = PBXFileReference; explicitFileType = wrapper.cfbundle; includeInIndex = 0; path = ASBInterviewExerciseUITests.xctest; sourceTree = BUILT_PRODUCTS_DIR; };
		DCF7BB2526B23E0200AE0E0E /* ASBInterviewExerciseUITests.swift */ = {isa = PBXFileReference; lastKnownFileType = sourcecode.swift; path = ASBInterviewExerciseUITests.swift; sourceTree = "<group>"; };
		DCF7BB2726B23E0200AE0E0E /* Info.plist */ = {isa = PBXFileReference; lastKnownFileType = text.plist.xml; path = Info.plist; sourceTree = "<group>"; };
		DCF7BB3626B23EB800AE0E0E /* RestClient.swift */ = {isa = PBXFileReference; lastKnownFileType = sourcecode.swift; path = RestClient.swift; sourceTree = "<group>"; };
		DCF7BB3826B23ED000AE0E0E /* DIManager.swift */ = {isa = PBXFileReference; lastKnownFileType = sourcecode.swift; path = DIManager.swift; sourceTree = "<group>"; };
/* End PBXFileReference section */

/* Begin PBXFrameworksBuildPhase section */
		DCF7BAFD26B23DFE00AE0E0E /* Frameworks */ = {
			isa = PBXFrameworksBuildPhase;
			buildActionMask = 2147483647;
			files = (
				DCF7BB3526B23E3600AE0E0E /* Swinject in Frameworks */,
				56C01C05DF08A46EF3203CE6 /* Pods_ASBInterviewExercise.framework in Frameworks */,
			);
			runOnlyForDeploymentPostprocessing = 0;
		};
		DCF7BB1326B23E0200AE0E0E /* Frameworks */ = {
			isa = PBXFrameworksBuildPhase;
			buildActionMask = 2147483647;
			files = (
				200AD6826BE1A2FAFBB3AFE1 /* Pods_ASBInterviewExerciseTests.framework in Frameworks */,
			);
			runOnlyForDeploymentPostprocessing = 0;
		};
		DCF7BB1E26B23E0200AE0E0E /* Frameworks */ = {
			isa = PBXFrameworksBuildPhase;
			buildActionMask = 2147483647;
			files = (
				8C120128D8ABA267847D8F27 /* Pods_ASBInterviewExercise_ASBInterviewExerciseUITests.framework in Frameworks */,
			);
			runOnlyForDeploymentPostprocessing = 0;
		};
/* End PBXFrameworksBuildPhase section */

/* Begin PBXGroup section */
		8AC25941530391C936E6E25E /* Frameworks */ = {
			isa = PBXGroup;
			children = (
				08D5DEE6117F26728ABB0F82 /* Pods_ASBInterviewExercise.framework */,
				882BE6375CD13975065AC2D0 /* Pods_ASBInterviewExercise_ASBInterviewExerciseUITests.framework */,
				CB709CA39E7DA8DB25426F13 /* Pods_ASBInterviewExerciseTests.framework */,
			);
			name = Frameworks;
			sourceTree = "<group>";
		};
		9BF30EC42A01D98E00DBB56B /* AppBase */ = {
			isa = PBXGroup;
			children = (
				9BF30EE02A038DB700DBB56B /* Custom Views */,
				9BF30EDD2A033B3B00DBB56B /* Global Classes */,
				9BF30EDA2A033A3C00DBB56B /* Reuse Extensions */,
				9BF30EC52A01D9C900DBB56B /* Constants */,
			);
			path = AppBase;
			sourceTree = "<group>";
		};
		9BF30EC52A01D9C900DBB56B /* Constants */ = {
			isa = PBXGroup;
			children = (
				9BF30EC62A01D9F100DBB56B /* AppConstants.swift */,
			);
			path = Constants;
			sourceTree = "<group>";
		};
		9BF30EC82A01DA9100DBB56B /* App Delegate */ = {
			isa = PBXGroup;
			children = (
				DCF7BB0326B23DFF00AE0E0E /* AppDelegate.swift */,
				DCF7BB0526B23DFF00AE0E0E /* SceneDelegate.swift */,
			);
			path = "App Delegate";
			sourceTree = "<group>";
		};
		9BF30EC92A01DAC300DBB56B /* View Controllers */ = {
			isa = PBXGroup;
			children = (
				9BF30ECB2A01DB1B00DBB56B /* Model */,
				9BF30ECA2A01DB0A00DBB56B /* View */,
				9BF30ECC2A01DB2400DBB56B /* ViewModel */,
			);
			path = "View Controllers";
			sourceTree = "<group>";
		};
		9BF30ECA2A01DB0A00DBB56B /* View */ = {
			isa = PBXGroup;
			children = (
				DCF7BB0726B23DFF00AE0E0E /* ViewController.swift */,
				9BF30ED12A021A9000DBB56B /* TransanctionTableCell.swift */,
				9BF30ED32A021AC000DBB56B /* TransanctionDetailVC.swift */,
			);
			path = View;
			sourceTree = "<group>";
		};
		9BF30ECB2A01DB1B00DBB56B /* Model */ = {
			isa = PBXGroup;
			children = (
				9BF30ECD2A01DD0B00DBB56B /* TransanctionModel.swift */,
			);
			path = Model;
			sourceTree = "<group>";
		};
		9BF30ECC2A01DB2400DBB56B /* ViewModel */ = {
			isa = PBXGroup;
			children = (
				9BF30ECF2A01DD7200DBB56B /* TransanctionViewModel.swift */,
			);
			path = ViewModel;
			sourceTree = "<group>";
		};
		9BF30EDA2A033A3C00DBB56B /* Reuse Extensions */ = {
			isa = PBXGroup;
			children = (
				9BF30EDB2A033A5E00DBB56B /* UIViewController.swift */,
				9BF30EE72A04CDC200DBB56B /* UITableView.swift */,
			);
			path = "Reuse Extensions";
			sourceTree = "<group>";
		};
		9BF30EDD2A033B3B00DBB56B /* Global Classes */ = {
			isa = PBXGroup;
			children = (
				9BF30EDE2A033B5E00DBB56B /* CommonFunctions.swift */,
				9BF30EE52A04B2D400DBB56B /* AppColor.swift */,
			);
			path = "Global Classes";
			sourceTree = "<group>";
		};
		9BF30EE02A038DB700DBB56B /* Custom Views */ = {
			isa = PBXGroup;
			children = (
				9BF30EE22A038E1700DBB56B /* LoaderView.swift */,
				9BF30EE12A038E1700DBB56B /* LoaderView.xib */,
			);
			path = "Custom Views";
			sourceTree = "<group>";
		};
		9BF30EE92A08883800DBB56B /* Api Connections */ = {
			isa = PBXGroup;
			children = (
				DCF7BB3626B23EB800AE0E0E /* RestClient.swift */,
			);
			path = "Api Connections";
			sourceTree = "<group>";
		};
		DCF7BAF726B23DFE00AE0E0E = {
			isa = PBXGroup;
			children = (
				DCF7BB0226B23DFF00AE0E0E /* ASBInterviewExercise */,
				DCF7BB1926B23E0200AE0E0E /* ASBInterviewExerciseTests */,
				DCF7BB2426B23E0200AE0E0E /* ASBInterviewExerciseUITests */,
				DCF7BB0126B23DFE00AE0E0E /* Products */,
				F9FE7B67EC142DABC90FEC03 /* Pods */,
				8AC25941530391C936E6E25E /* Frameworks */,
			);
			sourceTree = "<group>";
		};
		DCF7BB0126B23DFE00AE0E0E /* Products */ = {
			isa = PBXGroup;
			children = (
				DCF7BB0026B23DFE00AE0E0E /* ASBInterviewExercise.app */,
				DCF7BB1626B23E0200AE0E0E /* ASBInterviewExerciseTests.xctest */,
				DCF7BB2126B23E0200AE0E0E /* ASBInterviewExerciseUITests.xctest */,
			);
			name = Products;
			sourceTree = "<group>";
		};
		DCF7BB0226B23DFF00AE0E0E /* ASBInterviewExercise */ = {
			isa = PBXGroup;
			children = (
				9BF30EC82A01DA9100DBB56B /* App Delegate */,
				9BF30EE92A08883800DBB56B /* Api Connections */,
				9BF30EC42A01D98E00DBB56B /* AppBase */,
				9BF30EC92A01DAC300DBB56B /* View Controllers */,
				DCF7BB0926B23DFF00AE0E0E /* Main.storyboard */,
				DCF7BB0C26B23E0200AE0E0E /* Assets.xcassets */,
				DCF7BB0E26B23E0200AE0E0E /* LaunchScreen.storyboard */,
				DCF7BB1126B23E0200AE0E0E /* Info.plist */,
				DCF7BB3826B23ED000AE0E0E /* DIManager.swift */,
			);
			path = ASBInterviewExercise;
			sourceTree = "<group>";
		};
		DCF7BB1926B23E0200AE0E0E /* ASBInterviewExerciseTests */ = {
			isa = PBXGroup;
			children = (
				DCF7BB1A26B23E0200AE0E0E /* ASBInterviewExerciseTests.swift */,
				DCF7BB1C26B23E0200AE0E0E /* Info.plist */,
			);
			path = ASBInterviewExerciseTests;
			sourceTree = "<group>";
		};
		DCF7BB2426B23E0200AE0E0E /* ASBInterviewExerciseUITests */ = {
			isa = PBXGroup;
			children = (
				DCF7BB2526B23E0200AE0E0E /* ASBInterviewExerciseUITests.swift */,
				DCF7BB2726B23E0200AE0E0E /* Info.plist */,
			);
			path = ASBInterviewExerciseUITests;
			sourceTree = "<group>";
		};
		F9FE7B67EC142DABC90FEC03 /* Pods */ = {
			isa = PBXGroup;
			children = (
				CF45ACDABC19FD8A7814A530 /* Pods-ASBInterviewExercise.debug.xcconfig */,
				9F4412E0C279BB5987511EF2 /* Pods-ASBInterviewExercise.release.xcconfig */,
				B0DB09EA69F102671DDC5D0B /* Pods-ASBInterviewExercise-ASBInterviewExerciseUITests.debug.xcconfig */,
				1ACA6B1E6F1BEDDF3B7DBB56 /* Pods-ASBInterviewExercise-ASBInterviewExerciseUITests.release.xcconfig */,
				4DFF488AC69F69E9D0D9B4D1 /* Pods-ASBInterviewExerciseTests.debug.xcconfig */,
				02B9FBF7DB5A54FF71FEB25E /* Pods-ASBInterviewExerciseTests.release.xcconfig */,
			);
			path = Pods;
			sourceTree = "<group>";
		};
/* End PBXGroup section */

/* Begin PBXNativeTarget section */
		DCF7BAFF26B23DFE00AE0E0E /* ASBInterviewExercise */ = {
			isa = PBXNativeTarget;
			buildConfigurationList = DCF7BB2A26B23E0200AE0E0E /* Build configuration list for PBXNativeTarget "ASBInterviewExercise" */;
			buildPhases = (
				B6B4866ACD42F04B9EEB4C19 /* [CP] Check Pods Manifest.lock */,
				DCF7BAFC26B23DFE00AE0E0E /* Sources */,
				DCF7BAFD26B23DFE00AE0E0E /* Frameworks */,
				DCF7BAFE26B23DFE00AE0E0E /* Resources */,
				A24816E3050F49E3E1869553 /* [CP] Embed Pods Frameworks */,
			);
			buildRules = (
			);
			dependencies = (
			);
			name = ASBInterviewExercise;
			packageProductDependencies = (
				DCF7BB3426B23E3600AE0E0E /* Swinject */,
			);
			productName = ASBInterviewExercise;
			productReference = DCF7BB0026B23DFE00AE0E0E /* ASBInterviewExercise.app */;
			productType = "com.apple.product-type.application";
		};
		DCF7BB1526B23E0200AE0E0E /* ASBInterviewExerciseTests */ = {
			isa = PBXNativeTarget;
			buildConfigurationList = DCF7BB2D26B23E0200AE0E0E /* Build configuration list for PBXNativeTarget "ASBInterviewExerciseTests" */;
			buildPhases = (
				7F366EF37B877BA52116E2C2 /* [CP] Check Pods Manifest.lock */,
				DCF7BB1226B23E0200AE0E0E /* Sources */,
				DCF7BB1326B23E0200AE0E0E /* Frameworks */,
				DCF7BB1426B23E0200AE0E0E /* Resources */,
			);
			buildRules = (
			);
			dependencies = (
				DCF7BB1826B23E0200AE0E0E /* PBXTargetDependency */,
			);
			name = ASBInterviewExerciseTests;
			productName = ASBInterviewExerciseTests;
			productReference = DCF7BB1626B23E0200AE0E0E /* ASBInterviewExerciseTests.xctest */;
			productType = "com.apple.product-type.bundle.unit-test";
		};
		DCF7BB2026B23E0200AE0E0E /* ASBInterviewExerciseUITests */ = {
			isa = PBXNativeTarget;
			buildConfigurationList = DCF7BB3026B23E0200AE0E0E /* Build configuration list for PBXNativeTarget "ASBInterviewExerciseUITests" */;
			buildPhases = (
				AFA9AEA304F100DD8AB70F0A /* [CP] Check Pods Manifest.lock */,
				DCF7BB1D26B23E0200AE0E0E /* Sources */,
				DCF7BB1E26B23E0200AE0E0E /* Frameworks */,
				DCF7BB1F26B23E0200AE0E0E /* Resources */,
				2A8BA0E3F62BF30DF29F70BF /* [CP] Embed Pods Frameworks */,
			);
			buildRules = (
			);
			dependencies = (
				DCF7BB2326B23E0200AE0E0E /* PBXTargetDependency */,
			);
			name = ASBInterviewExerciseUITests;
			productName = ASBInterviewExerciseUITests;
			productReference = DCF7BB2126B23E0200AE0E0E /* ASBInterviewExerciseUITests.xctest */;
			productType = "com.apple.product-type.bundle.ui-testing";
		};
/* End PBXNativeTarget section */

/* Begin PBXProject section */
		DCF7BAF826B23DFE00AE0E0E /* Project object */ = {
			isa = PBXProject;
			attributes = {
				LastSwiftUpdateCheck = 1250;
				LastUpgradeCheck = 1250;
				TargetAttributes = {
					DCF7BAFF26B23DFE00AE0E0E = {
						CreatedOnToolsVersion = 12.5.1;
					};
					DCF7BB1526B23E0200AE0E0E = {
						CreatedOnToolsVersion = 12.5.1;
						TestTargetID = DCF7BAFF26B23DFE00AE0E0E;
					};
					DCF7BB2026B23E0200AE0E0E = {
						CreatedOnToolsVersion = 12.5.1;
						TestTargetID = DCF7BAFF26B23DFE00AE0E0E;
					};
				};
			};
			buildConfigurationList = DCF7BAFB26B23DFE00AE0E0E /* Build configuration list for PBXProject "ASBInterviewExercise" */;
			compatibilityVersion = "Xcode 9.3";
			developmentRegion = en;
			hasScannedForEncodings = 0;
			knownRegions = (
				en,
				Base,
			);
			mainGroup = DCF7BAF726B23DFE00AE0E0E;
			packageReferences = (
				DCF7BB3326B23E3600AE0E0E /* XCRemoteSwiftPackageReference "Swinject" */,
			);
			productRefGroup = DCF7BB0126B23DFE00AE0E0E /* Products */;
			projectDirPath = "";
			projectRoot = "";
			targets = (
				DCF7BAFF26B23DFE00AE0E0E /* ASBInterviewExercise */,
				DCF7BB1526B23E0200AE0E0E /* ASBInterviewExerciseTests */,
				DCF7BB2026B23E0200AE0E0E /* ASBInterviewExerciseUITests */,
			);
		};
/* End PBXProject section */

/* Begin PBXResourcesBuildPhase section */
		DCF7BAFE26B23DFE00AE0E0E /* Resources */ = {
			isa = PBXResourcesBuildPhase;
			buildActionMask = 2147483647;
			files = (
				DCF7BB1026B23E0200AE0E0E /* LaunchScreen.storyboard in Resources */,
				9BF30EE32A038E1700DBB56B /* LoaderView.xib in Resources */,
				DCF7BB0D26B23E0200AE0E0E /* Assets.xcassets in Resources */,
				DCF7BB0B26B23DFF00AE0E0E /* Main.storyboard in Resources */,
			);
			runOnlyForDeploymentPostprocessing = 0;
		};
		DCF7BB1426B23E0200AE0E0E /* Resources */ = {
			isa = PBXResourcesBuildPhase;
			buildActionMask = 2147483647;
			files = (
			);
			runOnlyForDeploymentPostprocessing = 0;
		};
		DCF7BB1F26B23E0200AE0E0E /* Resources */ = {
			isa = PBXResourcesBuildPhase;
			buildActionMask = 2147483647;
			files = (
			);
			runOnlyForDeploymentPostprocessing = 0;
		};
/* End PBXResourcesBuildPhase section */

/* Begin PBXShellScriptBuildPhase section */
		2A8BA0E3F62BF30DF29F70BF /* [CP] Embed Pods Frameworks */ = {
			isa = PBXShellScriptBuildPhase;
			buildActionMask = 2147483647;
			files = (
			);
			inputFileListPaths = (
				"${PODS_ROOT}/Target Support Files/Pods-ASBInterviewExercise-ASBInterviewExerciseUITests/Pods-ASBInterviewExercise-ASBInterviewExerciseUITests-frameworks-${CONFIGURATION}-input-files.xcfilelist",
			);
			name = "[CP] Embed Pods Frameworks";
			outputFileListPaths = (
				"${PODS_ROOT}/Target Support Files/Pods-ASBInterviewExercise-ASBInterviewExerciseUITests/Pods-ASBInterviewExercise-ASBInterviewExerciseUITests-frameworks-${CONFIGURATION}-output-files.xcfilelist",
			);
			runOnlyForDeploymentPostprocessing = 0;
			shellPath = /bin/sh;
			shellScript = "\"${PODS_ROOT}/Target Support Files/Pods-ASBInterviewExercise-ASBInterviewExerciseUITests/Pods-ASBInterviewExercise-ASBInterviewExerciseUITests-frameworks.sh\"\n";
			showEnvVarsInLog = 0;
		};
		7F366EF37B877BA52116E2C2 /* [CP] Check Pods Manifest.lock */ = {
			isa = PBXShellScriptBuildPhase;
			buildActionMask = 2147483647;
			files = (
			);
			inputFileListPaths = (
			);
			inputPaths = (
				"${PODS_PODFILE_DIR_PATH}/Podfile.lock",
				"${PODS_ROOT}/Manifest.lock",
			);
			name = "[CP] Check Pods Manifest.lock";
			outputFileListPaths = (
			);
			outputPaths = (
				"$(DERIVED_FILE_DIR)/Pods-ASBInterviewExerciseTests-checkManifestLockResult.txt",
			);
			runOnlyForDeploymentPostprocessing = 0;
			shellPath = /bin/sh;
			shellScript = "diff \"${PODS_PODFILE_DIR_PATH}/Podfile.lock\" \"${PODS_ROOT}/Manifest.lock\" > /dev/null\nif [ $? != 0 ] ; then\n    # print error to STDERR\n    echo \"error: The sandbox is not in sync with the Podfile.lock. Run 'pod install' or update your CocoaPods installation.\" >&2\n    exit 1\nfi\n# This output is used by Xcode 'outputs' to avoid re-running this script phase.\necho \"SUCCESS\" > \"${SCRIPT_OUTPUT_FILE_0}\"\n";
			showEnvVarsInLog = 0;
		};
		A24816E3050F49E3E1869553 /* [CP] Embed Pods Frameworks */ = {
			isa = PBXShellScriptBuildPhase;
			buildActionMask = 2147483647;
			files = (
			);
			inputFileListPaths = (
				"${PODS_ROOT}/Target Support Files/Pods-ASBInterviewExercise/Pods-ASBInterviewExercise-frameworks-${CONFIGURATION}-input-files.xcfilelist",
			);
			name = "[CP] Embed Pods Frameworks";
			outputFileListPaths = (
				"${PODS_ROOT}/Target Support Files/Pods-ASBInterviewExercise/Pods-ASBInterviewExercise-frameworks-${CONFIGURATION}-output-files.xcfilelist",
			);
			runOnlyForDeploymentPostprocessing = 0;
			shellPath = /bin/sh;
			shellScript = "\"${PODS_ROOT}/Target Support Files/Pods-ASBInterviewExercise/Pods-ASBInterviewExercise-frameworks.sh\"\n";
			showEnvVarsInLog = 0;
		};
		AFA9AEA304F100DD8AB70F0A /* [CP] Check Pods Manifest.lock */ = {
			isa = PBXShellScriptBuildPhase;
			buildActionMask = 2147483647;
			files = (
			);
			inputFileListPaths = (
			);
			inputPaths = (
				"${PODS_PODFILE_DIR_PATH}/Podfile.lock",
				"${PODS_ROOT}/Manifest.lock",
			);
			name = "[CP] Check Pods Manifest.lock";
			outputFileListPaths = (
			);
			outputPaths = (
				"$(DERIVED_FILE_DIR)/Pods-ASBInterviewExercise-ASBInterviewExerciseUITests-checkManifestLockResult.txt",
			);
			runOnlyForDeploymentPostprocessing = 0;
			shellPath = /bin/sh;
			shellScript = "diff \"${PODS_PODFILE_DIR_PATH}/Podfile.lock\" \"${PODS_ROOT}/Manifest.lock\" > /dev/null\nif [ $? != 0 ] ; then\n    # print error to STDERR\n    echo \"error: The sandbox is not in sync with the Podfile.lock. Run 'pod install' or update your CocoaPods installation.\" >&2\n    exit 1\nfi\n# This output is used by Xcode 'outputs' to avoid re-running this script phase.\necho \"SUCCESS\" > \"${SCRIPT_OUTPUT_FILE_0}\"\n";
			showEnvVarsInLog = 0;
		};
		B6B4866ACD42F04B9EEB4C19 /* [CP] Check Pods Manifest.lock */ = {
			isa = PBXShellScriptBuildPhase;
			buildActionMask = 2147483647;
			files = (
			);
			inputFileListPaths = (
			);
			inputPaths = (
				"${PODS_PODFILE_DIR_PATH}/Podfile.lock",
				"${PODS_ROOT}/Manifest.lock",
			);
			name = "[CP] Check Pods Manifest.lock";
			outputFileListPaths = (
			);
			outputPaths = (
				"$(DERIVED_FILE_DIR)/Pods-ASBInterviewExercise-checkManifestLockResult.txt",
			);
			runOnlyForDeploymentPostprocessing = 0;
			shellPath = /bin/sh;
			shellScript = "diff \"${PODS_PODFILE_DIR_PATH}/Podfile.lock\" \"${PODS_ROOT}/Manifest.lock\" > /dev/null\nif [ $? != 0 ] ; then\n    # print error to STDERR\n    echo \"error: The sandbox is not in sync with the Podfile.lock. Run 'pod install' or update your CocoaPods installation.\" >&2\n    exit 1\nfi\n# This output is used by Xcode 'outputs' to avoid re-running this script phase.\necho \"SUCCESS\" > \"${SCRIPT_OUTPUT_FILE_0}\"\n";
			showEnvVarsInLog = 0;
		};
/* End PBXShellScriptBuildPhase section */

/* Begin PBXSourcesBuildPhase section */
		DCF7BAFC26B23DFE00AE0E0E /* Sources */ = {
			isa = PBXSourcesBuildPhase;
			buildActionMask = 2147483647;
			files = (
				DCF7BB3726B23EB800AE0E0E /* RestClient.swift in Sources */,
				9BF30EC72A01D9F100DBB56B /* AppConstants.swift in Sources */,
				9BF30EE82A04CDC200DBB56B /* UITableView.swift in Sources */,
				9BF30ED22A021A9000DBB56B /* TransanctionTableCell.swift in Sources */,
				9BF30EE62A04B2D400DBB56B /* AppColor.swift in Sources */,
				9BF30EE42A038E1700DBB56B /* LoaderView.swift in Sources */,
				9BF30EDC2A033A5E00DBB56B /* UIViewController.swift in Sources */,
				DCF7BB0826B23DFF00AE0E0E /* ViewController.swift in Sources */,
				DCF7BB0426B23DFF00AE0E0E /* AppDelegate.swift in Sources */,
				9BF30EDF2A033B5E00DBB56B /* CommonFunctions.swift in Sources */,
				DCF7BB0626B23DFF00AE0E0E /* SceneDelegate.swift in Sources */,
				9BF30ECE2A01DD0B00DBB56B /* TransanctionModel.swift in Sources */,
				9BF30ED02A01DD7200DBB56B /* TransanctionViewModel.swift in Sources */,
				DCF7BB3926B23ED000AE0E0E /* DIManager.swift in Sources */,
				9BF30ED42A021AC000DBB56B /* TransanctionDetailVC.swift in Sources */,
			);
			runOnlyForDeploymentPostprocessing = 0;
		};
		DCF7BB1226B23E0200AE0E0E /* Sources */ = {
			isa = PBXSourcesBuildPhase;
			buildActionMask = 2147483647;
			files = (
				DCF7BB1B26B23E0200AE0E0E /* ASBInterviewExerciseTests.swift in Sources */,
			);
			runOnlyForDeploymentPostprocessing = 0;
		};
		DCF7BB1D26B23E0200AE0E0E /* Sources */ = {
			isa = PBXSourcesBuildPhase;
			buildActionMask = 2147483647;
			files = (
				DCF7BB2626B23E0200AE0E0E /* ASBInterviewExerciseUITests.swift in Sources */,
			);
			runOnlyForDeploymentPostprocessing = 0;
		};
/* End PBXSourcesBuildPhase section */

/* Begin PBXTargetDependency section */
		DCF7BB1826B23E0200AE0E0E /* PBXTargetDependency */ = {
			isa = PBXTargetDependency;
			target = DCF7BAFF26B23DFE00AE0E0E /* ASBInterviewExercise */;
			targetProxy = DCF7BB1726B23E0200AE0E0E /* PBXContainerItemProxy */;
		};
		DCF7BB2326B23E0200AE0E0E /* PBXTargetDependency */ = {
			isa = PBXTargetDependency;
			target = DCF7BAFF26B23DFE00AE0E0E /* ASBInterviewExercise */;
			targetProxy = DCF7BB2226B23E0200AE0E0E /* PBXContainerItemProxy */;
		};
/* End PBXTargetDependency section */

/* Begin PBXVariantGroup section */
		DCF7BB0926B23DFF00AE0E0E /* Main.storyboard */ = {
			isa = PBXVariantGroup;
			children = (
				DCF7BB0A26B23DFF00AE0E0E /* Base */,
			);
			name = Main.storyboard;
			sourceTree = "<group>";
		};
		DCF7BB0E26B23E0200AE0E0E /* LaunchScreen.storyboard */ = {
			isa = PBXVariantGroup;
			children = (
				DCF7BB0F26B23E0200AE0E0E /* Base */,
			);
			name = LaunchScreen.storyboard;
			sourceTree = "<group>";
		};
/* End PBXVariantGroup section */

/* Begin XCBuildConfiguration section */
		DCF7BB2826B23E0200AE0E0E /* Debug */ = {
			isa = XCBuildConfiguration;
			buildSettings = {
				ALWAYS_SEARCH_USER_PATHS = NO;
				CLANG_ANALYZER_NONNULL = YES;
				CLANG_ANALYZER_NUMBER_OBJECT_CONVERSION = YES_AGGRESSIVE;
				CLANG_CXX_LANGUAGE_STANDARD = "gnu++14";
				CLANG_CXX_LIBRARY = "libc++";
				CLANG_ENABLE_MODULES = YES;
				CLANG_ENABLE_OBJC_ARC = YES;
				CLANG_ENABLE_OBJC_WEAK = YES;
				CLANG_WARN_BLOCK_CAPTURE_AUTORELEASING = YES;
				CLANG_WARN_BOOL_CONVERSION = YES;
				CLANG_WARN_COMMA = YES;
				CLANG_WARN_CONSTANT_CONVERSION = YES;
				CLANG_WARN_DEPRECATED_OBJC_IMPLEMENTATIONS = YES;
				CLANG_WARN_DIRECT_OBJC_ISA_USAGE = YES_ERROR;
				CLANG_WARN_DOCUMENTATION_COMMENTS = YES;
				CLANG_WARN_EMPTY_BODY = YES;
				CLANG_WARN_ENUM_CONVERSION = YES;
				CLANG_WARN_INFINITE_RECURSION = YES;
				CLANG_WARN_INT_CONVERSION = YES;
				CLANG_WARN_NON_LITERAL_NULL_CONVERSION = YES;
				CLANG_WARN_OBJC_IMPLICIT_RETAIN_SELF = YES;
				CLANG_WARN_OBJC_LITERAL_CONVERSION = YES;
				CLANG_WARN_OBJC_ROOT_CLASS = YES_ERROR;
				CLANG_WARN_QUOTED_INCLUDE_IN_FRAMEWORK_HEADER = YES;
				CLANG_WARN_RANGE_LOOP_ANALYSIS = YES;
				CLANG_WARN_STRICT_PROTOTYPES = YES;
				CLANG_WARN_SUSPICIOUS_MOVE = YES;
				CLANG_WARN_UNGUARDED_AVAILABILITY = YES_AGGRESSIVE;
				CLANG_WARN_UNREACHABLE_CODE = YES;
				CLANG_WARN__DUPLICATE_METHOD_MATCH = YES;
				COPY_PHASE_STRIP = NO;
				DEBUG_INFORMATION_FORMAT = dwarf;
				ENABLE_STRICT_OBJC_MSGSEND = YES;
				ENABLE_TESTABILITY = YES;
				GCC_C_LANGUAGE_STANDARD = gnu11;
				GCC_DYNAMIC_NO_PIC = NO;
				GCC_NO_COMMON_BLOCKS = YES;
				GCC_OPTIMIZATION_LEVEL = 0;
				GCC_PREPROCESSOR_DEFINITIONS = (
					"DEBUG=1",
					"$(inherited)",
				);
				GCC_WARN_64_TO_32_BIT_CONVERSION = YES;
				GCC_WARN_ABOUT_RETURN_TYPE = YES_ERROR;
				GCC_WARN_UNDECLARED_SELECTOR = YES;
				GCC_WARN_UNINITIALIZED_AUTOS = YES_AGGRESSIVE;
				GCC_WARN_UNUSED_FUNCTION = YES;
				GCC_WARN_UNUSED_VARIABLE = YES;
				IPHONEOS_DEPLOYMENT_TARGET = 14.5;
				MTL_ENABLE_DEBUG_INFO = INCLUDE_SOURCE;
				MTL_FAST_MATH = YES;
				ONLY_ACTIVE_ARCH = YES;
				SDKROOT = iphoneos;
				SWIFT_ACTIVE_COMPILATION_CONDITIONS = DEBUG;
				SWIFT_OPTIMIZATION_LEVEL = "-Onone";
			};
			name = Debug;
		};
		DCF7BB2926B23E0200AE0E0E /* Release */ = {
			isa = XCBuildConfiguration;
			buildSettings = {
				ALWAYS_SEARCH_USER_PATHS = NO;
				CLANG_ANALYZER_NONNULL = YES;
				CLANG_ANALYZER_NUMBER_OBJECT_CONVERSION = YES_AGGRESSIVE;
				CLANG_CXX_LANGUAGE_STANDARD = "gnu++14";
				CLANG_CXX_LIBRARY = "libc++";
				CLANG_ENABLE_MODULES = YES;
				CLANG_ENABLE_OBJC_ARC = YES;
				CLANG_ENABLE_OBJC_WEAK = YES;
				CLANG_WARN_BLOCK_CAPTURE_AUTORELEASING = YES;
				CLANG_WARN_BOOL_CONVERSION = YES;
				CLANG_WARN_COMMA = YES;
				CLANG_WARN_CONSTANT_CONVERSION = YES;
				CLANG_WARN_DEPRECATED_OBJC_IMPLEMENTATIONS = YES;
				CLANG_WARN_DIRECT_OBJC_ISA_USAGE = YES_ERROR;
				CLANG_WARN_DOCUMENTATION_COMMENTS = YES;
				CLANG_WARN_EMPTY_BODY = YES;
				CLANG_WARN_ENUM_CONVERSION = YES;
				CLANG_WARN_INFINITE_RECURSION = YES;
				CLANG_WARN_INT_CONVERSION = YES;
				CLANG_WARN_NON_LITERAL_NULL_CONVERSION = YES;
				CLANG_WARN_OBJC_IMPLICIT_RETAIN_SELF = YES;
				CLANG_WARN_OBJC_LITERAL_CONVERSION = YES;
				CLANG_WARN_OBJC_ROOT_CLASS = YES_ERROR;
				CLANG_WARN_QUOTED_INCLUDE_IN_FRAMEWORK_HEADER = YES;
				CLANG_WARN_RANGE_LOOP_ANALYSIS = YES;
				CLANG_WARN_STRICT_PROTOTYPES = YES;
				CLANG_WARN_SUSPICIOUS_MOVE = YES;
				CLANG_WARN_UNGUARDED_AVAILABILITY = YES_AGGRESSIVE;
				CLANG_WARN_UNREACHABLE_CODE = YES;
				CLANG_WARN__DUPLICATE_METHOD_MATCH = YES;
				COPY_PHASE_STRIP = NO;
				DEBUG_INFORMATION_FORMAT = "dwarf-with-dsym";
				ENABLE_NS_ASSERTIONS = NO;
				ENABLE_STRICT_OBJC_MSGSEND = YES;
				GCC_C_LANGUAGE_STANDARD = gnu11;
				GCC_NO_COMMON_BLOCKS = YES;
				GCC_WARN_64_TO_32_BIT_CONVERSION = YES;
				GCC_WARN_ABOUT_RETURN_TYPE = YES_ERROR;
				GCC_WARN_UNDECLARED_SELECTOR = YES;
				GCC_WARN_UNINITIALIZED_AUTOS = YES_AGGRESSIVE;
				GCC_WARN_UNUSED_FUNCTION = YES;
				GCC_WARN_UNUSED_VARIABLE = YES;
				IPHONEOS_DEPLOYMENT_TARGET = 14.5;
				MTL_ENABLE_DEBUG_INFO = NO;
				MTL_FAST_MATH = YES;
				SDKROOT = iphoneos;
				SWIFT_COMPILATION_MODE = wholemodule;
				SWIFT_OPTIMIZATION_LEVEL = "-O";
				VALIDATE_PRODUCT = YES;
			};
			name = Release;
		};
		DCF7BB2B26B23E0200AE0E0E /* Debug */ = {
			isa = XCBuildConfiguration;
			baseConfigurationReference = CF45ACDABC19FD8A7814A530 /* Pods-ASBInterviewExercise.debug.xcconfig */;
			buildSettings = {
				ASSETCATALOG_COMPILER_APPICON_NAME = AppIcon;
				ASSETCATALOG_COMPILER_GLOBAL_ACCENT_COLOR_NAME = AccentColor;
				CODE_SIGN_STYLE = Automatic;
				INFOPLIST_FILE = ASBInterviewExercise/Info.plist;
				LD_RUNPATH_SEARCH_PATHS = (
					"$(inherited)",
					"@executable_path/Frameworks",
				);
				PRODUCT_BUNDLE_IDENTIFIER = nz.co.asb.mobile.ASBInterviewExercise;
				PRODUCT_NAME = "$(TARGET_NAME)";
				SWIFT_VERSION = 5.0;
				TARGETED_DEVICE_FAMILY = "1,2";
			};
			name = Debug;
		};
		DCF7BB2C26B23E0200AE0E0E /* Release */ = {
			isa = XCBuildConfiguration;
			baseConfigurationReference = 9F4412E0C279BB5987511EF2 /* Pods-ASBInterviewExercise.release.xcconfig */;
			buildSettings = {
				ASSETCATALOG_COMPILER_APPICON_NAME = AppIcon;
				ASSETCATALOG_COMPILER_GLOBAL_ACCENT_COLOR_NAME = AccentColor;
				CODE_SIGN_STYLE = Automatic;
				INFOPLIST_FILE = ASBInterviewExercise/Info.plist;
				LD_RUNPATH_SEARCH_PATHS = (
					"$(inherited)",
					"@executable_path/Frameworks",
				);
				PRODUCT_BUNDLE_IDENTIFIER = nz.co.asb.mobile.ASBInterviewExercise;
				PRODUCT_NAME = "$(TARGET_NAME)";
				SWIFT_VERSION = 5.0;
				TARGETED_DEVICE_FAMILY = "1,2";
			};
			name = Release;
		};
		DCF7BB2E26B23E0200AE0E0E /* Debug */ = {
			isa = XCBuildConfiguration;
			baseConfigurationReference = 4DFF488AC69F69E9D0D9B4D1 /* Pods-ASBInterviewExerciseTests.debug.xcconfig */;
			buildSettings = {
				ALWAYS_EMBED_SWIFT_STANDARD_LIBRARIES = YES;
				BUNDLE_LOADER = "$(TEST_HOST)";
				CODE_SIGN_STYLE = Automatic;
				INFOPLIST_FILE = ASBInterviewExerciseTests/Info.plist;
				IPHONEOS_DEPLOYMENT_TARGET = 14.5;
				LD_RUNPATH_SEARCH_PATHS = (
					"$(inherited)",
					"@executable_path/Frameworks",
					"@loader_path/Frameworks",
				);
				PRODUCT_BUNDLE_IDENTIFIER = nz.co.asb.mobile.ASBInterviewExerciseTests;
				PRODUCT_NAME = "$(TARGET_NAME)";
				SWIFT_VERSION = 5.0;
				TARGETED_DEVICE_FAMILY = "1,2";
				TEST_HOST = "$(BUILT_PRODUCTS_DIR)/ASBInterviewExercise.app/ASBInterviewExercise";
			};
			name = Debug;
		};
		DCF7BB2F26B23E0200AE0E0E /* Release */ = {
			isa = XCBuildConfiguration;
			baseConfigurationReference = 02B9FBF7DB5A54FF71FEB25E /* Pods-ASBInterviewExerciseTests.release.xcconfig */;
			buildSettings = {
				ALWAYS_EMBED_SWIFT_STANDARD_LIBRARIES = YES;
				BUNDLE_LOADER = "$(TEST_HOST)";
				CODE_SIGN_STYLE = Automatic;
				INFOPLIST_FILE = ASBInterviewExerciseTests/Info.plist;
				IPHONEOS_DEPLOYMENT_TARGET = 14.5;
				LD_RUNPATH_SEARCH_PATHS = (
					"$(inherited)",
					"@executable_path/Frameworks",
					"@loader_path/Frameworks",
				);
				PRODUCT_BUNDLE_IDENTIFIER = nz.co.asb.mobile.ASBInterviewExerciseTests;
				PRODUCT_NAME = "$(TARGET_NAME)";
				SWIFT_VERSION = 5.0;
				TARGETED_DEVICE_FAMILY = "1,2";
				TEST_HOST = "$(BUILT_PRODUCTS_DIR)/ASBInterviewExercise.app/ASBInterviewExercise";
			};
			name = Release;
		};
		DCF7BB3126B23E0200AE0E0E /* Debug */ = {
			isa = XCBuildConfiguration;
			baseConfigurationReference = B0DB09EA69F102671DDC5D0B /* Pods-ASBInterviewExercise-ASBInterviewExerciseUITests.debug.xcconfig */;
			buildSettings = {
				ALWAYS_EMBED_SWIFT_STANDARD_LIBRARIES = YES;
				CODE_SIGN_STYLE = Automatic;
				INFOPLIST_FILE = ASBInterviewExerciseUITests/Info.plist;
				LD_RUNPATH_SEARCH_PATHS = (
					"$(inherited)",
					"@executable_path/Frameworks",
					"@loader_path/Frameworks",
				);
				PRODUCT_BUNDLE_IDENTIFIER = nz.co.asb.mobile.ASBInterviewExerciseUITests;
				PRODUCT_NAME = "$(TARGET_NAME)";
				SWIFT_VERSION = 5.0;
				TARGETED_DEVICE_FAMILY = "1,2";
				TEST_TARGET_NAME = ASBInterviewExercise;
			};
			name = Debug;
		};
		DCF7BB3226B23E0200AE0E0E /* Release */ = {
			isa = XCBuildConfiguration;
			baseConfigurationReference = 1ACA6B1E6F1BEDDF3B7DBB56 /* Pods-ASBInterviewExercise-ASBInterviewExerciseUITests.release.xcconfig */;
			buildSettings = {
				ALWAYS_EMBED_SWIFT_STANDARD_LIBRARIES = YES;
				CODE_SIGN_STYLE = Automatic;
				INFOPLIST_FILE = ASBInterviewExerciseUITests/Info.plist;
				LD_RUNPATH_SEARCH_PATHS = (
					"$(inherited)",
					"@executable_path/Frameworks",
					"@loader_path/Frameworks",
				);
				PRODUCT_BUNDLE_IDENTIFIER = nz.co.asb.mobile.ASBInterviewExerciseUITests;
				PRODUCT_NAME = "$(TARGET_NAME)";
				SWIFT_VERSION = 5.0;
				TARGETED_DEVICE_FAMILY = "1,2";
				TEST_TARGET_NAME = ASBInterviewExercise;
			};
			name = Release;
		};
/* End XCBuildConfiguration section */

/* Begin XCConfigurationList section */
		DCF7BAFB26B23DFE00AE0E0E /* Build configuration list for PBXProject "ASBInterviewExercise" */ = {
			isa = XCConfigurationList;
			buildConfigurations = (
				DCF7BB2826B23E0200AE0E0E /* Debug */,
				DCF7BB2926B23E0200AE0E0E /* Release */,
			);
			defaultConfigurationIsVisible = 0;
			defaultConfigurationName = Release;
		};
		DCF7BB2A26B23E0200AE0E0E /* Build configuration list for PBXNativeTarget "ASBInterviewExercise" */ = {
			isa = XCConfigurationList;
			buildConfigurations = (
				DCF7BB2B26B23E0200AE0E0E /* Debug */,
				DCF7BB2C26B23E0200AE0E0E /* Release */,
			);
			defaultConfigurationIsVisible = 0;
			defaultConfigurationName = Release;
		};
		DCF7BB2D26B23E0200AE0E0E /* Build configuration list for PBXNativeTarget "ASBInterviewExerciseTests" */ = {
			isa = XCConfigurationList;
			buildConfigurations = (
				DCF7BB2E26B23E0200AE0E0E /* Debug */,
				DCF7BB2F26B23E0200AE0E0E /* Release */,
			);
			defaultConfigurationIsVisible = 0;
			defaultConfigurationName = Release;
		};
		DCF7BB3026B23E0200AE0E0E /* Build configuration list for PBXNativeTarget "ASBInterviewExerciseUITests" */ = {
			isa = XCConfigurationList;
			buildConfigurations = (
				DCF7BB3126B23E0200AE0E0E /* Debug */,
				DCF7BB3226B23E0200AE0E0E /* Release */,
			);
			defaultConfigurationIsVisible = 0;
			defaultConfigurationName = Release;
		};
/* End XCConfigurationList section */

/* Begin XCRemoteSwiftPackageReference section */
		DCF7BB3326B23E3600AE0E0E /* XCRemoteSwiftPackageReference "Swinject" */ = {
			isa = XCRemoteSwiftPackageReference;
			repositoryURL = "https://github.com/Swinject/Swinject.git";
			requirement = {
				kind = upToNextMajorVersion;
				minimumVersion = 2.7.1;
			};
		};
/* End XCRemoteSwiftPackageReference section */

/* Begin XCSwiftPackageProductDependency section */
		DCF7BB3426B23E3600AE0E0E /* Swinject */ = {
			isa = XCSwiftPackageProductDependency;
			package = DCF7BB3326B23E3600AE0E0E /* XCRemoteSwiftPackageReference "Swinject" */;
			productName = Swinject;
		};
/* End XCSwiftPackageProductDependency section */
	};
	rootObject = DCF7BAF826B23DFE00AE0E0E /* Project object */;
}
